// !$*UTF8*$!
{
	archiveVersion = 1;
	classes = {
	};
	objectVersion = 56;
	objects = {

/* Begin PBXBuildFile section */
		40A5B25B2B289E5F0057155A /* ThirdViewController.swift in Sources */ = {isa = PBXBuildFile; fileRef = 40A5B25A2B289E5F0057155A /* ThirdViewController.swift */; };
		40A76D002B31D22300C4F09C /* CatalogListViewController.swift in Sources */ = {isa = PBXBuildFile; fileRef = 40A76CFF2B31D22300C4F09C /* CatalogListViewController.swift */; };
		40A76D032B31DAE400C4F09C /* TableViewCell.swift in Sources */ = {isa = PBXBuildFile; fileRef = 40A76D022B31DAE400C4F09C /* TableViewCell.swift */; };
		40C110442B36D62F008E75C6 /* CatalogViewController.swift in Sources */ = {isa = PBXBuildFile; fileRef = 40C110432B36D62F008E75C6 /* CatalogViewController.swift */; };
		40C110462B36D77C008E75C6 /* Goods.swift in Sources */ = {isa = PBXBuildFile; fileRef = 40C110452B36D77C008E75C6 /* Goods.swift */; };
		40C110482B36DB0D008E75C6 /* GoodsCellTableViewCell.swift in Sources */ = {isa = PBXBuildFile; fileRef = 40C110472B36DB0D008E75C6 /* GoodsCellTableViewCell.swift */; };
		40C3F6AF2B2C995700083345 /* TableViewViewController.swift in Sources */ = {isa = PBXBuildFile; fileRef = 40C3F6AE2B2C995700083345 /* TableViewViewController.swift */; };
		40C3F6B22B2CA0DD00083345 /* Contact.swift in Sources */ = {isa = PBXBuildFile; fileRef = 40C3F6B12B2CA0DD00083345 /* Contact.swift */; };
		40D8249B2B23522A00C796A9 /* AppDelegate.swift in Sources */ = {isa = PBXBuildFile; fileRef = 40D8249A2B23522A00C796A9 /* AppDelegate.swift */; };
		40D8249D2B23522A00C796A9 /* SceneDelegate.swift in Sources */ = {isa = PBXBuildFile; fileRef = 40D8249C2B23522A00C796A9 /* SceneDelegate.swift */; };
		40D8249F2B23522A00C796A9 /* ViewController.swift in Sources */ = {isa = PBXBuildFile; fileRef = 40D8249E2B23522A00C796A9 /* ViewController.swift */; };
		40D824A42B23522B00C796A9 /* Assets.xcassets in Resources */ = {isa = PBXBuildFile; fileRef = 40D824A32B23522B00C796A9 /* Assets.xcassets */; };
		40D824A72B23522B00C796A9 /* LaunchScreen.storyboard in Resources */ = {isa = PBXBuildFile; fileRef = 40D824A52B23522B00C796A9 /* LaunchScreen.storyboard */; };
		40D824B22B2363C400C796A9 /* FinishViewController.swift in Sources */ = {isa = PBXBuildFile; fileRef = 40D824B12B2363C400C796A9 /* FinishViewController.swift */; };
		40D824B42B2363DF00C796A9 /* SecondViewController.swift in Sources */ = {isa = PBXBuildFile; fileRef = 40D824B32B2363DF00C796A9 /* SecondViewController.swift */; };
		49531B80284614E95A1589A7 /* Pods_ios22.framework in Frameworks */ = {isa = PBXBuildFile; fileRef = 89CBC1A6886EBBE797B4A212 /* Pods_ios22.framework */; };
/* End PBXBuildFile section */

/* Begin PBXFileReference section */
		259A7DE55BA8A0CA4CE82366 /* Pods-ios22.release.xcconfig */ = {isa = PBXFileReference; includeInIndex = 1; lastKnownFileType = text.xcconfig; name = "Pods-ios22.release.xcconfig"; path = "Target Support Files/Pods-ios22/Pods-ios22.release.xcconfig"; sourceTree = "<group>"; };
		40A5B25A2B289E5F0057155A /* ThirdViewController.swift */ = {isa = PBXFileReference; lastKnownFileType = sourcecode.swift; path = ThirdViewController.swift; sourceTree = "<group>"; };
		40A76CFF2B31D22300C4F09C /* CatalogListViewController.swift */ = {isa = PBXFileReference; lastKnownFileType = sourcecode.swift; path = CatalogListViewController.swift; sourceTree = "<group>"; };
		40A76D022B31DAE400C4F09C /* TableViewCell.swift */ = {isa = PBXFileReference; lastKnownFileType = sourcecode.swift; path = TableViewCell.swift; sourceTree = "<group>"; };
		40C110432B36D62F008E75C6 /* CatalogViewController.swift */ = {isa = PBXFileReference; lastKnownFileType = sourcecode.swift; path = CatalogViewController.swift; sourceTree = "<group>"; };
		40C110452B36D77C008E75C6 /* Goods.swift */ = {isa = PBXFileReference; lastKnownFileType = sourcecode.swift; path = Goods.swift; sourceTree = "<group>"; };
		40C110472B36DB0D008E75C6 /* GoodsCellTableViewCell.swift */ = {isa = PBXFileReference; lastKnownFileType = sourcecode.swift; path = GoodsCellTableViewCell.swift; sourceTree = "<group>"; };
		40C3F6AE2B2C995700083345 /* TableViewViewController.swift */ = {isa = PBXFileReference; lastKnownFileType = sourcecode.swift; path = TableViewViewController.swift; sourceTree = "<group>"; };
		40C3F6B12B2CA0DD00083345 /* Contact.swift */ = {isa = PBXFileReference; lastKnownFileType = sourcecode.swift; path = Contact.swift; sourceTree = "<group>"; };
		40D824972B23522A00C796A9 /* ios22.app */ = {isa = PBXFileReference; explicitFileType = wrapper.application; includeInIndex = 0; path = ios22.app; sourceTree = BUILT_PRODUCTS_DIR; };
		40D8249A2B23522A00C796A9 /* AppDelegate.swift */ = {isa = PBXFileReference; lastKnownFileType = sourcecode.swift; path = AppDelegate.swift; sourceTree = "<group>"; };
		40D8249C2B23522A00C796A9 /* SceneDelegate.swift */ = {isa = PBXFileReference; lastKnownFileType = sourcecode.swift; path = SceneDelegate.swift; sourceTree = "<group>"; };
		40D8249E2B23522A00C796A9 /* ViewController.swift */ = {isa = PBXFileReference; lastKnownFileType = sourcecode.swift; path = ViewController.swift; sourceTree = "<group>"; };
		40D824A32B23522B00C796A9 /* Assets.xcassets */ = {isa = PBXFileReference; lastKnownFileType = folder.assetcatalog; path = Assets.xcassets; sourceTree = "<group>"; };
		40D824A62B23522B00C796A9 /* Base */ = {isa = PBXFileReference; lastKnownFileType = file.storyboard; name = Base; path = Base.lproj/LaunchScreen.storyboard; sourceTree = "<group>"; };
		40D824A82B23522B00C796A9 /* Info.plist */ = {isa = PBXFileReference; lastKnownFileType = text.plist.xml; path = Info.plist; sourceTree = "<group>"; };
		40D824B12B2363C400C796A9 /* FinishViewController.swift */ = {isa = PBXFileReference; lastKnownFileType = sourcecode.swift; path = FinishViewController.swift; sourceTree = "<group>"; };
		40D824B32B2363DF00C796A9 /* SecondViewController.swift */ = {isa = PBXFileReference; lastKnownFileType = sourcecode.swift; path = SecondViewController.swift; sourceTree = "<group>"; };
		60088C863D37684CFE959BB8 /* Pods-ios22.debug.xcconfig */ = {isa = PBXFileReference; includeInIndex = 1; lastKnownFileType = text.xcconfig; name = "Pods-ios22.debug.xcconfig"; path = "Target Support Files/Pods-ios22/Pods-ios22.debug.xcconfig"; sourceTree = "<group>"; };
		89CBC1A6886EBBE797B4A212 /* Pods_ios22.framework */ = {isa = PBXFileReference; explicitFileType = wrapper.framework; includeInIndex = 0; path = Pods_ios22.framework; sourceTree = BUILT_PRODUCTS_DIR; };
/* End PBXFileReference section */

/* Begin PBXFrameworksBuildPhase section */
		40D824942B23522A00C796A9 /* Frameworks */ = {
			isa = PBXFrameworksBuildPhase;
			buildActionMask = 2147483647;
			files = (
				49531B80284614E95A1589A7 /* Pods_ios22.framework in Frameworks */,
			);
			runOnlyForDeploymentPostprocessing = 0;
		};
/* End PBXFrameworksBuildPhase section */

/* Begin PBXGroup section */
		1B4CDCF9FF36829DC1FC6733 /* Frameworks */ = {
			isa = PBXGroup;
			children = (
				89CBC1A6886EBBE797B4A212 /* Pods_ios22.framework */,
			);
			name = Frameworks;
			sourceTree = "<group>";
		};
		40A76D012B31DA8E00C4F09C /* Cell */ = {
			isa = PBXGroup;
			children = (
				40A76D022B31DAE400C4F09C /* TableViewCell.swift */,
				40C110472B36DB0D008E75C6 /* GoodsCellTableViewCell.swift */,
			);
			path = Cell;
			sourceTree = "<group>";
		};
		40C3F6B02B2CA0CB00083345 /* Model */ = {
			isa = PBXGroup;
			children = (
				40C3F6B12B2CA0DD00083345 /* Contact.swift */,
				40C110452B36D77C008E75C6 /* Goods.swift */,
			);
			path = Model;
			sourceTree = "<group>";
		};
		40D8248E2B23522A00C796A9 = {
			isa = PBXGroup;
			children = (
				40D824992B23522A00C796A9 /* ios22 */,
				40D824982B23522A00C796A9 /* Products */,
				519E03E1BCF4C02BDA9451B7 /* Pods */,
				1B4CDCF9FF36829DC1FC6733 /* Frameworks */,
			);
			sourceTree = "<group>";
		};
		40D824982B23522A00C796A9 /* Products */ = {
			isa = PBXGroup;
			children = (
				40D824972B23522A00C796A9 /* ios22.app */,
			);
			name = Products;
			sourceTree = "<group>";
		};
		40D824992B23522A00C796A9 /* ios22 */ = {
			isa = PBXGroup;
			children = (
				40C3F6B02B2CA0CB00083345 /* Model */,
				40D824B02B23637300C796A9 /* common */,
				40D824AF2B23634600C796A9 /* Resourse */,
				40D824AE2B23631300C796A9 /* AppDelegate */,
				40D824A82B23522B00C796A9 /* Info.plist */,
			);
			path = ios22;
			sourceTree = "<group>";
		};
		40D824AE2B23631300C796A9 /* AppDelegate */ = {
			isa = PBXGroup;
			children = (
				40D8249A2B23522A00C796A9 /* AppDelegate.swift */,
				40D8249C2B23522A00C796A9 /* SceneDelegate.swift */,
			);
			path = AppDelegate;
			sourceTree = "<group>";
		};
		40D824AF2B23634600C796A9 /* Resourse */ = {
			isa = PBXGroup;
			children = (
				40D824A52B23522B00C796A9 /* LaunchScreen.storyboard */,
				40D824A32B23522B00C796A9 /* Assets.xcassets */,
			);
			path = Resourse;
			sourceTree = "<group>";
		};
		40D824B02B23637300C796A9 /* common */ = {
			isa = PBXGroup;
			children = (
				40A76D012B31DA8E00C4F09C /* Cell */,
				40D8249E2B23522A00C796A9 /* ViewController.swift */,
				40D824B12B2363C400C796A9 /* FinishViewController.swift */,
				40D824B32B2363DF00C796A9 /* SecondViewController.swift */,
				40A5B25A2B289E5F0057155A /* ThirdViewController.swift */,
				40C3F6AE2B2C995700083345 /* TableViewViewController.swift */,
				40A76CFF2B31D22300C4F09C /* CatalogListViewController.swift */,
				40C110432B36D62F008E75C6 /* CatalogViewController.swift */,
			);
			path = common;
			sourceTree = "<group>";
		};
		519E03E1BCF4C02BDA9451B7 /* Pods */ = {
			isa = PBXGroup;
			children = (
				60088C863D37684CFE959BB8 /* Pods-ios22.debug.xcconfig */,
				259A7DE55BA8A0CA4CE82366 /* Pods-ios22.release.xcconfig */,
			);
			path = Pods;
			sourceTree = "<group>";
		};
/* End PBXGroup section */

/* Begin PBXNativeTarget section */
		40D824962B23522A00C796A9 /* ios22 */ = {
			isa = PBXNativeTarget;
			buildConfigurationList = 40D824AB2B23522B00C796A9 /* Build configuration list for PBXNativeTarget "ios22" */;
			buildPhases = (
				9DFC099D731C0C3852870C79 /* [CP] Check Pods Manifest.lock */,
				40D824932B23522A00C796A9 /* Sources */,
				40D824942B23522A00C796A9 /* Frameworks */,
				40D824952B23522A00C796A9 /* Resources */,
				1E2EC8B5AF81DB5E57993E59 /* [CP] Embed Pods Frameworks */,
			);
			buildRules = (
			);
			dependencies = (
			);
			name = ios22;
			productName = ios22;
			productReference = 40D824972B23522A00C796A9 /* ios22.app */;
			productType = "com.apple.product-type.application";
		};
/* End PBXNativeTarget section */

/* Begin PBXProject section */
		40D8248F2B23522A00C796A9 /* Project object */ = {
			isa = PBXProject;
			attributes = {
				BuildIndependentTargetsInParallel = 1;
				LastSwiftUpdateCheck = 1430;
				LastUpgradeCheck = 1430;
				TargetAttributes = {
					40D824962B23522A00C796A9 = {
						CreatedOnToolsVersion = 14.3;
					};
				};
			};
			buildConfigurationList = 40D824922B23522A00C796A9 /* Build configuration list for PBXProject "ios22" */;
			compatibilityVersion = "Xcode 14.0";
			developmentRegion = en;
			hasScannedForEncodings = 0;
			knownRegions = (
				en,
				Base,
			);
			mainGroup = 40D8248E2B23522A00C796A9;
			productRefGroup = 40D824982B23522A00C796A9 /* Products */;
			projectDirPath = "";
			projectRoot = "";
			targets = (
				40D824962B23522A00C796A9 /* ios22 */,
			);
		};
/* End PBXProject section */

/* Begin PBXResourcesBuildPhase section */
		40D824952B23522A00C796A9 /* Resources */ = {
			isa = PBXResourcesBuildPhase;
			buildActionMask = 2147483647;
			files = (
				40D824A72B23522B00C796A9 /* LaunchScreen.storyboard in Resources */,
				40D824A42B23522B00C796A9 /* Assets.xcassets in Resources */,
			);
			runOnlyForDeploymentPostprocessing = 0;
		};
/* End PBXResourcesBuildPhase section */

/* Begin PBXShellScriptBuildPhase section */
		1E2EC8B5AF81DB5E57993E59 /* [CP] Embed Pods Frameworks */ = {
			isa = PBXShellScriptBuildPhase;
			buildActionMask = 2147483647;
			files = (
			);
			inputFileListPaths = (
				"${PODS_ROOT}/Target Support Files/Pods-ios22/Pods-ios22-frameworks-${CONFIGURATION}-input-files.xcfilelist",
			);
			name = "[CP] Embed Pods Frameworks";
			outputFileListPaths = (
				"${PODS_ROOT}/Target Support Files/Pods-ios22/Pods-ios22-frameworks-${CONFIGURATION}-output-files.xcfilelist",
			);
			runOnlyForDeploymentPostprocessing = 0;
			shellPath = /bin/sh;
			shellScript = "\"${PODS_ROOT}/Target Support Files/Pods-ios22/Pods-ios22-frameworks.sh\"\n";
			showEnvVarsInLog = 0;
		};
		9DFC099D731C0C3852870C79 /* [CP] Check Pods Manifest.lock */ = {
			isa = PBXShellScriptBuildPhase;
			buildActionMask = 2147483647;
			files = (
			);
			inputFileListPaths = (
			);
			inputPaths = (
				"${PODS_PODFILE_DIR_PATH}/Podfile.lock",
				"${PODS_ROOT}/Manifest.lock",
			);
			name = "[CP] Check Pods Manifest.lock";
			outputFileListPaths = (
			);
			outputPaths = (
				"$(DERIVED_FILE_DIR)/Pods-ios22-checkManifestLockResult.txt",
			);
			runOnlyForDeploymentPostprocessing = 0;
			shellPath = /bin/sh;
			shellScript = "diff \"${PODS_PODFILE_DIR_PATH}/Podfile.lock\" \"${PODS_ROOT}/Manifest.lock\" > /dev/null\nif [ $? != 0 ] ; then\n    # print error to STDERR\n    echo \"error: The sandbox is not in sync with the Podfile.lock. Run 'pod install' or update your CocoaPods installation.\" >&2\n    exit 1\nfi\n# This output is used by Xcode 'outputs' to avoid re-running this script phase.\necho \"SUCCESS\" > \"${SCRIPT_OUTPUT_FILE_0}\"\n";
			showEnvVarsInLog = 0;
		};
/* End PBXShellScriptBuildPhase section */

/* Begin PBXSourcesBuildPhase section */
		40D824932B23522A00C796A9 /* Sources */ = {
			isa = PBXSourcesBuildPhase;
			buildActionMask = 2147483647;
			files = (
				40D8249F2B23522A00C796A9 /* ViewController.swift in Sources */,
				40C110442B36D62F008E75C6 /* CatalogViewController.swift in Sources */,
				40D824B22B2363C400C796A9 /* FinishViewController.swift in Sources */,
				40D8249B2B23522A00C796A9 /* AppDelegate.swift in Sources */,
				40D824B42B2363DF00C796A9 /* SecondViewController.swift in Sources */,
				40A76D002B31D22300C4F09C /* CatalogListViewController.swift in Sources */,
				40A76D032B31DAE400C4F09C /* TableViewCell.swift in Sources */,
				40C3F6B22B2CA0DD00083345 /* Contact.swift in Sources */,
				40A5B25B2B289E5F0057155A /* ThirdViewController.swift in Sources */,
				40D8249D2B23522A00C796A9 /* SceneDelegate.swift in Sources */,
				40C110462B36D77C008E75C6 /* Goods.swift in Sources */,
				40C3F6AF2B2C995700083345 /* TableViewViewController.swift in Sources */,
				40C110482B36DB0D008E75C6 /* GoodsCellTableViewCell.swift in Sources */,
			);
			runOnlyForDeploymentPostprocessing = 0;
		};
/* End PBXSourcesBuildPhase section */

/* Begin PBXVariantGroup section */
		40D824A52B23522B00C796A9 /* LaunchScreen.storyboard */ = {
			isa = PBXVariantGroup;
			children = (
				40D824A62B23522B00C796A9 /* Base */,
			);
			name = LaunchScreen.storyboard;
			sourceTree = "<group>";
		};
/* End PBXVariantGroup section */

/* Begin XCBuildConfiguration section */
		40D824A92B23522B00C796A9 /* Debug */ = {
			isa = XCBuildConfiguration;
			buildSettings = {
				ALWAYS_SEARCH_USER_PATHS = NO;
				CLANG_ANALYZER_NONNULL = YES;
				CLANG_ANALYZER_NUMBER_OBJECT_CONVERSION = YES_AGGRESSIVE;
				CLANG_CXX_LANGUAGE_STANDARD = "gnu++20";
				CLANG_ENABLE_MODULES = YES;
				CLANG_ENABLE_OBJC_ARC = YES;
				CLANG_ENABLE_OBJC_WEAK = YES;
				CLANG_WARN_BLOCK_CAPTURE_AUTORELEASING = YES;
				CLANG_WARN_BOOL_CONVERSION = YES;
				CLANG_WARN_COMMA = YES;
				CLANG_WARN_CONSTANT_CONVERSION = YES;
				CLANG_WARN_DEPRECATED_OBJC_IMPLEMENTATIONS = YES;
				CLANG_WARN_DIRECT_OBJC_ISA_USAGE = YES_ERROR;
				CLANG_WARN_DOCUMENTATION_COMMENTS = YES;
				CLANG_WARN_EMPTY_BODY = YES;
				CLANG_WARN_ENUM_CONVERSION = YES;
				CLANG_WARN_INFINITE_RECURSION = YES;
				CLANG_WARN_INT_CONVERSION = YES;
				CLANG_WARN_NON_LITERAL_NULL_CONVERSION = YES;
				CLANG_WARN_OBJC_IMPLICIT_RETAIN_SELF = YES;
				CLANG_WARN_OBJC_LITERAL_CONVERSION = YES;
				CLANG_WARN_OBJC_ROOT_CLASS = YES_ERROR;
				CLANG_WARN_QUOTED_INCLUDE_IN_FRAMEWORK_HEADER = YES;
				CLANG_WARN_RANGE_LOOP_ANALYSIS = YES;
				CLANG_WARN_STRICT_PROTOTYPES = YES;
				CLANG_WARN_SUSPICIOUS_MOVE = YES;
				CLANG_WARN_UNGUARDED_AVAILABILITY = YES_AGGRESSIVE;
				CLANG_WARN_UNREACHABLE_CODE = YES;
				CLANG_WARN__DUPLICATE_METHOD_MATCH = YES;
				COPY_PHASE_STRIP = NO;
				DEBUG_INFORMATION_FORMAT = dwarf;
				ENABLE_STRICT_OBJC_MSGSEND = YES;
				ENABLE_TESTABILITY = YES;
				GCC_C_LANGUAGE_STANDARD = gnu11;
				GCC_DYNAMIC_NO_PIC = NO;
				GCC_NO_COMMON_BLOCKS = YES;
				GCC_OPTIMIZATION_LEVEL = 0;
				GCC_PREPROCESSOR_DEFINITIONS = (
					"DEBUG=1",
					"$(inherited)",
				);
				GCC_WARN_64_TO_32_BIT_CONVERSION = YES;
				GCC_WARN_ABOUT_RETURN_TYPE = YES_ERROR;
				GCC_WARN_UNDECLARED_SELECTOR = YES;
				GCC_WARN_UNINITIALIZED_AUTOS = YES_AGGRESSIVE;
				GCC_WARN_UNUSED_FUNCTION = YES;
				GCC_WARN_UNUSED_VARIABLE = YES;
				IPHONEOS_DEPLOYMENT_TARGET = 16.4;
				MTL_ENABLE_DEBUG_INFO = INCLUDE_SOURCE;
				MTL_FAST_MATH = YES;
				ONLY_ACTIVE_ARCH = YES;
				SDKROOT = iphoneos;
				SWIFT_ACTIVE_COMPILATION_CONDITIONS = DEBUG;
				SWIFT_OPTIMIZATION_LEVEL = "-Onone";
			};
			name = Debug;
		};
		40D824AA2B23522B00C796A9 /* Release */ = {
			isa = XCBuildConfiguration;
			buildSettings = {
				ALWAYS_SEARCH_USER_PATHS = NO;
				CLANG_ANALYZER_NONNULL = YES;
				CLANG_ANALYZER_NUMBER_OBJECT_CONVERSION = YES_AGGRESSIVE;
				CLANG_CXX_LANGUAGE_STANDARD = "gnu++20";
				CLANG_ENABLE_MODULES = YES;
				CLANG_ENABLE_OBJC_ARC = YES;
				CLANG_ENABLE_OBJC_WEAK = YES;
				CLANG_WARN_BLOCK_CAPTURE_AUTORELEASING = YES;
				CLANG_WARN_BOOL_CONVERSION = YES;
				CLANG_WARN_COMMA = YES;
				CLANG_WARN_CONSTANT_CONVERSION = YES;
				CLANG_WARN_DEPRECATED_OBJC_IMPLEMENTATIONS = YES;
				CLANG_WARN_DIRECT_OBJC_ISA_USAGE = YES_ERROR;
				CLANG_WARN_DOCUMENTATION_COMMENTS = YES;
				CLANG_WARN_EMPTY_BODY = YES;
				CLANG_WARN_ENUM_CONVERSION = YES;
				CLANG_WARN_INFINITE_RECURSION = YES;
				CLANG_WARN_INT_CONVERSION = YES;
				CLANG_WARN_NON_LITERAL_NULL_CONVERSION = YES;
				CLANG_WARN_OBJC_IMPLICIT_RETAIN_SELF = YES;
				CLANG_WARN_OBJC_LITERAL_CONVERSION = YES;
				CLANG_WARN_OBJC_ROOT_CLASS = YES_ERROR;
				CLANG_WARN_QUOTED_INCLUDE_IN_FRAMEWORK_HEADER = YES;
				CLANG_WARN_RANGE_LOOP_ANALYSIS = YES;
				CLANG_WARN_STRICT_PROTOTYPES = YES;
				CLANG_WARN_SUSPICIOUS_MOVE = YES;
				CLANG_WARN_UNGUARDED_AVAILABILITY = YES_AGGRESSIVE;
				CLANG_WARN_UNREACHABLE_CODE = YES;
				CLANG_WARN__DUPLICATE_METHOD_MATCH = YES;
				COPY_PHASE_STRIP = NO;
				DEBUG_INFORMATION_FORMAT = "dwarf-with-dsym";
				ENABLE_NS_ASSERTIONS = NO;
				ENABLE_STRICT_OBJC_MSGSEND = YES;
				GCC_C_LANGUAGE_STANDARD = gnu11;
				GCC_NO_COMMON_BLOCKS = YES;
				GCC_WARN_64_TO_32_BIT_CONVERSION = YES;
				GCC_WARN_ABOUT_RETURN_TYPE = YES_ERROR;
				GCC_WARN_UNDECLARED_SELECTOR = YES;
				GCC_WARN_UNINITIALIZED_AUTOS = YES_AGGRESSIVE;
				GCC_WARN_UNUSED_FUNCTION = YES;
				GCC_WARN_UNUSED_VARIABLE = YES;
				IPHONEOS_DEPLOYMENT_TARGET = 16.4;
				MTL_ENABLE_DEBUG_INFO = NO;
				MTL_FAST_MATH = YES;
				SDKROOT = iphoneos;
				SWIFT_COMPILATION_MODE = wholemodule;
				SWIFT_OPTIMIZATION_LEVEL = "-O";
				VALIDATE_PRODUCT = YES;
			};
			name = Release;
		};
		40D824AC2B23522B00C796A9 /* Debug */ = {
			isa = XCBuildConfiguration;
			baseConfigurationReference = 60088C863D37684CFE959BB8 /* Pods-ios22.debug.xcconfig */;
			buildSettings = {
				ASSETCATALOG_COMPILER_APPICON_NAME = AppIcon;
				ASSETCATALOG_COMPILER_GLOBAL_ACCENT_COLOR_NAME = AccentColor;
				CODE_SIGN_STYLE = Automatic;
				CURRENT_PROJECT_VERSION = 1;
				GENERATE_INFOPLIST_FILE = YES;
				INFOPLIST_FILE = ios22/Info.plist;
				INFOPLIST_KEY_UIApplicationSupportsIndirectInputEvents = YES;
				INFOPLIST_KEY_UILaunchStoryboardName = LaunchScreen;
				INFOPLIST_KEY_UISupportedInterfaceOrientations_iPad = "UIInterfaceOrientationPortrait UIInterfaceOrientationPortraitUpsideDown UIInterfaceOrientationLandscapeLeft UIInterfaceOrientationLandscapeRight";
				INFOPLIST_KEY_UISupportedInterfaceOrientations_iPhone = "UIInterfaceOrientationPortrait UIInterfaceOrientationLandscapeLeft UIInterfaceOrientationLandscapeRight";
				LD_RUNPATH_SEARCH_PATHS = (
					"$(inherited)",
					"@executable_path/Frameworks",
				);
				MARKETING_VERSION = 1.0;
				PRODUCT_BUNDLE_IDENTIFIER = test.ios22;
				PRODUCT_NAME = "$(TARGET_NAME)";
				SWIFT_EMIT_LOC_STRINGS = YES;
				SWIFT_VERSION = 5.0;
				TARGETED_DEVICE_FAMILY = "1,2";
			};
			name = Debug;
		};
		40D824AD2B23522B00C796A9 /* Release */ = {
			isa = XCBuildConfiguration;
			baseConfigurationReference = 259A7DE55BA8A0CA4CE82366 /* Pods-ios22.release.xcconfig */;
			buildSettings = {
				ASSETCATALOG_COMPILER_APPICON_NAME = AppIcon;
				ASSETCATALOG_COMPILER_GLOBAL_ACCENT_COLOR_NAME = AccentColor;
				CODE_SIGN_STYLE = Automatic;
				CURRENT_PROJECT_VERSION = 1;
				GENERATE_INFOPLIST_FILE = YES;
				INFOPLIST_FILE = ios22/Info.plist;
				INFOPLIST_KEY_UIApplicationSupportsIndirectInputEvents = YES;
				INFOPLIST_KEY_UILaunchStoryboardName = LaunchScreen;
				INFOPLIST_KEY_UISupportedInterfaceOrientations_iPad = "UIInterfaceOrientationPortrait UIInterfaceOrientationPortraitUpsideDown UIInterfaceOrientationLandscapeLeft UIInterfaceOrientationLandscapeRight";
				INFOPLIST_KEY_UISupportedInterfaceOrientations_iPhone = "UIInterfaceOrientationPortrait UIInterfaceOrientationLandscapeLeft UIInterfaceOrientationLandscapeRight";
				LD_RUNPATH_SEARCH_PATHS = (
					"$(inherited)",
					"@executable_path/Frameworks",
				);
				MARKETING_VERSION = 1.0;
				PRODUCT_BUNDLE_IDENTIFIER = test.ios22;
				PRODUCT_NAME = "$(TARGET_NAME)";
				SWIFT_EMIT_LOC_STRINGS = YES;
				SWIFT_VERSION = 5.0;
				TARGETED_DEVICE_FAMILY = "1,2";
			};
			name = Release;
		};
/* End XCBuildConfiguration section */

/* Begin XCConfigurationList section */
		40D824922B23522A00C796A9 /* Build configuration list for PBXProject "ios22" */ = {
			isa = XCConfigurationList;
			buildConfigurations = (
				40D824A92B23522B00C796A9 /* Debug */,
				40D824AA2B23522B00C796A9 /* Release */,
			);
			defaultConfigurationIsVisible = 0;
			defaultConfigurationName = Release;
		};
		40D824AB2B23522B00C796A9 /* Build configuration list for PBXNativeTarget "ios22" */ = {
			isa = XCConfigurationList;
			buildConfigurations = (
				40D824AC2B23522B00C796A9 /* Debug */,
				40D824AD2B23522B00C796A9 /* Release */,
			);
			defaultConfigurationIsVisible = 0;
			defaultConfigurationName = Release;
		};
/* End XCConfigurationList section */
	};
	rootObject = 40D8248F2B23522A00C796A9 /* Project object */;
}
